# THIS IS AN AUTOGENERATED FILE. DO NOT EDIT THIS FILE DIRECTLY.
# yarn lockfile v1


"@babel/parser@^7.20.15":
  "integrity" "sha512-vvPKKdMemU85V9WE/l5wZEmImpCtLqbnTvqDS2U1fJ96KrxoW7KrXhNsNCblQlg8Ck4b85yxdTyelsMUgFUXiw=="
  "resolved" "https://registry.npmjs.org/@babel/parser/-/parser-7.23.0.tgz"
  "version" "7.23.0"

"@jsdoc/salty@^0.2.1":
  "integrity" "sha512-TfRP53RqunNe2HBobVBJ0VLhK1HbfvBYeTC1ahnN64PWvyYyGebmMiPkuwvD9fpw2ZbkoPb8Q7mwy0aR8Z9rvw=="
  "resolved" "https://registry.npmjs.org/@jsdoc/salty/-/salty-0.2.5.tgz"
  "version" "0.2.5"
  dependencies:
    "lodash" "^4.17.21"

"@types/linkify-it@*":
  "integrity" "sha512-HZQYqbiFVWufzCwexrvh694SOim8z2d+xJl5UNamcvQFejLY/2YUtzXHYi3cHdI7PMlS8ejH2slRAOJQ32aNbA=="
  "resolved" "https://registry.npmjs.org/@types/linkify-it/-/linkify-it-3.0.2.tgz"
  "version" "3.0.2"

"@types/markdown-it@*", "@types/markdown-it@^12.2.3":
  "integrity" "sha512-GKMHFfv3458yYy+v/N8gjufHO6MSZKCOXpZc5GXIWWy8uldwfmPn98vp81gZ5f9SVw8YYBctgfJ22a2d7AOMeQ=="
  "resolved" "https://registry.npmjs.org/@types/markdown-it/-/markdown-it-12.2.3.tgz"
  "version" "12.2.3"
  dependencies:
    "@types/linkify-it" "*"
    "@types/mdurl" "*"

"@types/mdurl@*":
  "integrity" "sha512-eC4U9MlIcu2q0KQmXszyn5Akca/0jrQmwDRgpAMJai7qBWq4amIQhZyNau4VYGtCeALvW1/NtjzJJ567aZxfKA=="
  "resolved" "https://registry.npmjs.org/@types/mdurl/-/mdurl-1.0.2.tgz"
  "version" "1.0.2"

"@types/node-fetch@^2.6.12":
  "integrity" "sha512-8nneRWKCg3rMtF69nLQJnOYUcbafYeFSjqkw3jCRLsqkWFlHaoQrr5mXmofFGOx3DKn7UfmBMyov8ySvLRVldA=="
  "resolved" "https://registry.npmjs.org/@types/node-fetch/-/node-fetch-2.6.12.tgz"
  "version" "2.6.12"
  dependencies:
    "@types/node" "*"
    "form-data" "^4.0.0"

"@types/node@*", "@types/node@^20.8.7":
  "integrity" "sha512-21TKHHh3eUHIi2MloeptJWALuCu5H7HQTdTrWIFReA8ad+aggoX+lRes3ex7/FtpC+sVUpFMQ+QTfYr74mruiQ=="
  "resolved" "https://registry.npmjs.org/@types/node/-/node-20.8.7.tgz"
  "version" "20.8.7"
  dependencies:
    "undici-types" "~5.25.1"

"argparse@^2.0.1":
  "integrity" "sha512-8+9WqebbFzpX9OR+Wa6O29asIogeRMzcGtAINdpMHHyAg10f05aSFVBbcEqGf/PXw1EjAZ+q2/bEBg3DvurK3Q=="
  "resolved" "https://registry.npmjs.org/argparse/-/argparse-2.0.1.tgz"
  "version" "2.0.1"

"asynckit@^0.4.0":
  "integrity" "sha1-x57Zf380y48robyXkLzDZkdLS3k= sha512-Oei9OH4tRh0YqU3GxhX79dM/mwVgvbZJaSNaRk+bshkj0S5cfHcgYakreBjrHwatXKbz+IoIdYLxrKim2MjW0Q=="
  "resolved" "https://registry.npmjs.org/asynckit/-/asynckit-0.4.0.tgz"
  "version" "0.4.0"

"bluebird@^3.7.2":
  "integrity" "sha512-XpNj6GDQzdfW+r2Wnn7xiSAd7TM3jzkxGXBGTtWKuSXv1xUV+azxAm8jdWZN06QTQk+2N2XB9jRDkvbmQmcRtg=="
  "resolved" "https://registry.npmjs.org/bluebird/-/bluebird-3.7.2.tgz"
  "version" "3.7.2"

"call-bind-apply-helpers@^1.0.1", "call-bind-apply-helpers@^1.0.2":
  "integrity" "sha512-Sp1ablJ0ivDkSzjcaJdxEunN5/XvksFJ2sMBFfq6x0ryhQV/2b/KwFe21cMpmHtPOSij8K99/wSfoEuTObmuMQ=="
  "resolved" "https://registry.npmjs.org/call-bind-apply-helpers/-/call-bind-apply-helpers-1.0.2.tgz"
  "version" "1.0.2"
  dependencies:
    "es-errors" "^1.3.0"
    "function-bind" "^1.1.2"

"catharsis@^0.9.0":
  "integrity" "sha512-prMTQVpcns/tzFgFVkVp6ak6RykZyWb3gu8ckUpd6YkTlacOd3DXGJjIpD4Q6zJirizvaiAjSSHlOsA+6sNh2A=="
  "resolved" "https://registry.npmjs.org/catharsis/-/catharsis-0.9.0.tgz"
  "version" "0.9.0"
  dependencies:
    "lodash" "^4.17.15"

"combined-stream@^1.0.8":
  "integrity" "sha512-FQN4MRfuJeHf7cBbBMJFXhKSDq+2kAArBlmRBvcvFE5BB1HZKXtSFASDhdlz9zOYwxh8lDdnvmMOe/+5cdoEdg=="
  "resolved" "https://registry.npmjs.org/combined-stream/-/combined-stream-1.0.8.tgz"
  "version" "1.0.8"
  dependencies:
    "delayed-stream" "~1.0.0"

"delayed-stream@~1.0.0":
  "integrity" "sha1-3zrhmayt+31ECqrgsp4icrJOxhk= sha512-ZySD7Nf91aLB0RxL4KGrKHBXl7Eds1DAmEdcoVawXnLD7SDhpNgtuII2aAkg7a7QS41jxPSZ17p4VdGnMHk3MQ=="
  "resolved" "https://registry.npmjs.org/delayed-stream/-/delayed-stream-1.0.0.tgz"
  "version" "1.0.0"

"dotenv@^16.0.3":
  "integrity" "sha512-7GO6HghkA5fYG9TYnNxi14/7K9f5occMlp3zXAuSxn7CKCxt9xbNWG7yF8hTCSUchlfWSe3uLmlPfigevRItzQ=="
  "resolved" "https://registry.npmjs.org/dotenv/-/dotenv-16.0.3.tgz"
  "version" "16.0.3"

"dunder-proto@^1.0.1":
  "integrity" "sha512-KIN/nDJBQRcXw0MLVhZE9iQHmG68qAVIBg9CqmUYjmQIhgij9U5MFvrqkUL5FbtyyzZuOeOt0zdeRe4UY7ct+A=="
  "resolved" "https://registry.npmjs.org/dunder-proto/-/dunder-proto-1.0.1.tgz"
  "version" "1.0.1"
  dependencies:
    "call-bind-apply-helpers" "^1.0.1"
    "es-errors" "^1.3.0"
    "gopd" "^1.2.0"

"entities@~2.1.0":
  "integrity" "sha512-hCx1oky9PFrJ611mf0ifBLBRW8lUUVRlFolb5gWRfIELabBlbp9xZvrqZLZAs+NxFnbfQoeGd8wDkygjg7U85w=="
  "resolved" "https://registry.npmjs.org/entities/-/entities-2.1.0.tgz"
  "version" "2.1.0"

"es-define-property@^1.0.1":
  "integrity" "sha512-e3nRfgfUZ4rNGL232gUgX06QNyyez04KdjFrF+LTRoOXmrOgFKDg4BCdsjW8EnT69eqdYGmRpJwiPVYNrCaW3g=="
  "resolved" "https://registry.npmjs.org/es-define-property/-/es-define-property-1.0.1.tgz"
  "version" "1.0.1"

"es-errors@^1.3.0":
  "integrity" "sha512-Zf5H2Kxt2xjTvbJvP2ZWLEICxA6j+hAmMzIlypy4xcBg1vKVnx89Wy0GbS+kf5cwCVFFzdCFh2XSCFNULS6csw=="
  "resolved" "https://registry.npmjs.org/es-errors/-/es-errors-1.3.0.tgz"
  "version" "1.3.0"

"es-object-atoms@^1.0.0", "es-object-atoms@^1.1.1":
  "integrity" "sha512-FGgH2h8zKNim9ljj7dankFPcICIK9Cp5bm+c2gQSYePhpaG5+esrLODihIorn+Pe6FGJzWhXQotPv73jTaldXA=="
  "resolved" "https://registry.npmjs.org/es-object-atoms/-/es-object-atoms-1.1.1.tgz"
  "version" "1.1.1"
  dependencies:
    "es-errors" "^1.3.0"

"es-set-tostringtag@^2.1.0":
  "integrity" "sha512-j6vWzfrGVfyXxge+O0x5sh6cvxAog0a/4Rdd2K36zCMV5eJ+/+tOAngRO8cODMNWbVRdVlmGZQL2YS3yR8bIUA=="
  "resolved" "https://registry.npmjs.org/es-set-tostringtag/-/es-set-tostringtag-2.1.0.tgz"
  "version" "2.1.0"
  dependencies:
    "es-errors" "^1.3.0"
    "get-intrinsic" "^1.2.6"
    "has-tostringtag" "^1.0.2"
    "hasown" "^2.0.2"

"escape-string-regexp@^2.0.0":
  "integrity" "sha512-UpzcLCXolUWcNu5HtVMHYdXJjArjsF9C0aNnquZYY4uW/Vu0miy5YoWvbV345HauVvcAUnpRuhMMcqTcGOY2+w=="
  "resolved" "https://registry.npmjs.org/escape-string-regexp/-/escape-string-regexp-2.0.0.tgz"
  "version" "2.0.0"

"form-data@^4.0.0", "form-data@^4.0.2":
  "integrity" "sha512-hGfm/slu0ZabnNt4oaRZ6uREyfCj6P4fT/n6A1rGV+Z0VdGXjfOhVUpkn6qVQONHGIFwmveGXyDs75+nr6FM8w=="
  "resolved" "https://registry.npmjs.org/form-data/-/form-data-4.0.2.tgz"
  "version" "4.0.2"
  dependencies:
    "asynckit" "^0.4.0"
    "combined-stream" "^1.0.8"
    "es-set-tostringtag" "^2.1.0"
    "mime-types" "^2.1.12"

"function-bind@^1.1.2":
  "integrity" "sha512-7XHNxH7qX9xG5mIwxkhumTox/MIRNcOgDrxWsMt2pAr23WHp6MrRlN7FBSFpCpr+oVO0F744iUgR82nJMfG2SA=="
  "resolved" "https://registry.npmjs.org/function-bind/-/function-bind-1.1.2.tgz"
  "version" "1.1.2"

"get-intrinsic@^1.2.6":
  "integrity" "sha512-9fSjSaos/fRIVIp+xSJlE6lfwhES7LNtKaCBIamHsjr2na1BiABJPo0mOjjz8GJDURarmCPGqaiVg5mfjb98CQ=="
  "resolved" "https://registry.npmjs.org/get-intrinsic/-/get-intrinsic-1.3.0.tgz"
  "version" "1.3.0"
  dependencies:
    "call-bind-apply-helpers" "^1.0.2"
    "es-define-property" "^1.0.1"
    "es-errors" "^1.3.0"
    "es-object-atoms" "^1.1.1"
    "function-bind" "^1.1.2"
    "get-proto" "^1.0.1"
    "gopd" "^1.2.0"
    "has-symbols" "^1.1.0"
    "hasown" "^2.0.2"
    "math-intrinsics" "^1.1.0"

"get-proto@^1.0.1":
  "integrity" "sha512-sTSfBjoXBp89JvIKIefqw7U2CCebsc74kiY6awiGogKtoSGbgjYE/G/+l9sF3MWFPNc9IcoOC4ODfKHfxFmp0g=="
  "resolved" "https://registry.npmjs.org/get-proto/-/get-proto-1.0.1.tgz"
  "version" "1.0.1"
  dependencies:
    "dunder-proto" "^1.0.1"
    "es-object-atoms" "^1.0.0"

"gopd@^1.2.0":
  "integrity" "sha512-ZUKRh6/kUFoAiTAtTYPZJ3hw9wNxx+BIBOijnlG9PnrJsCcSjs1wyyD6vJpaYtgnzDrKYRSqf3OO6Rfa93xsRg=="
  "resolved" "https://registry.npmjs.org/gopd/-/gopd-1.2.0.tgz"
  "version" "1.2.0"

"graceful-fs@^4.1.9":
  "integrity" "sha512-RbJ5/jmFcNNCcDV5o9eTnBLJ/HszWV0P73bc+Ff4nS/rJj+YaS6IGyiOL0VoBYX+l1Wrl3k63h/KrH+nhJ0XvQ=="
  "resolved" "https://registry.npmjs.org/graceful-fs/-/graceful-fs-4.2.11.tgz"
  "version" "4.2.11"

"has-symbols@^1.0.3", "has-symbols@^1.1.0":
  "integrity" "sha512-1cDNdwJ2Jaohmb3sg4OmKaMBwuC48sYni5HUw2DvsC8LjGTLK9h+eb1X6RyuOHe4hT0ULCW68iomhjUoKUqlPQ=="
  "resolved" "https://registry.npmjs.org/has-symbols/-/has-symbols-1.1.0.tgz"
  "version" "1.1.0"

"has-tostringtag@^1.0.2":
  "integrity" "sha512-NqADB8VjPFLM2V0VvHUewwwsw0ZWBaIdgo+ieHtK3hasLz4qeCRjYcqfB6AQrBggRKppKF8L52/VqdVsO47Dlw=="
  "resolved" "https://registry.npmjs.org/has-tostringtag/-/has-tostringtag-1.0.2.tgz"
  "version" "1.0.2"
  dependencies:
    "has-symbols" "^1.0.3"

"hasown@^2.0.2":
  "integrity" "sha512-0hJU9SCPvmMzIBdZFqNPXWa6dqh7WdH0cII9y+CyS8rG3nL48Bclra9HmKhVVUHyPWNH5Y7xDwAB7bfgSjkUMQ=="
  "resolved" "https://registry.npmjs.org/hasown/-/hasown-2.0.2.tgz"
  "version" "2.0.2"
  dependencies:
    "function-bind" "^1.1.2"

"jaguarjs-jsdoc@^1.0.2":
  "integrity" "sha512-QipqhisnCHsauPhrayPst/LnLsvbpFTg7Rea5KJUiGZX/TFvzQghYdq6UjF7dokmZb8ZI81WTN6f3fsNKkKBxA=="
  "resolved" "https://registry.npmjs.org/jaguarjs-jsdoc/-/jaguarjs-jsdoc-1.0.2.tgz"
  "version" "1.0.2"

"js2xmlparser@^4.0.2":
  "integrity" "sha512-6n4D8gLlLf1n5mNLQPRfViYzu9RATblzPEtm1SthMX1Pjao0r9YI9nw7ZIfRxQMERS87mcswrg+r/OYrPRX6jA=="
  "resolved" "https://registry.npmjs.org/js2xmlparser/-/js2xmlparser-4.0.2.tgz"
  "version" "4.0.2"
  dependencies:
    "xmlcreate" "^2.0.4"

"jsdoc@^4.0.2":
  "integrity" "sha512-e8cIg2z62InH7azBBi3EsSEqrKx+nUtAS5bBcYTSpZFA+vhNPyhv8PTFZ0WsjOPDj04/dOLlm08EDcQJDqaGQg=="
  "resolved" "https://registry.npmjs.org/jsdoc/-/jsdoc-4.0.2.tgz"
  "version" "4.0.2"
  dependencies:
    "@babel/parser" "^7.20.15"
    "@jsdoc/salty" "^0.2.1"
    "@types/markdown-it" "^12.2.3"
    "bluebird" "^3.7.2"
    "catharsis" "^0.9.0"
    "escape-string-regexp" "^2.0.0"
    "js2xmlparser" "^4.0.2"
    "klaw" "^3.0.0"
    "markdown-it" "^12.3.2"
    "markdown-it-anchor" "^8.4.1"
    "marked" "^4.0.10"
    "mkdirp" "^1.0.4"
    "requizzle" "^0.2.3"
    "strip-json-comments" "^3.1.0"
    "underscore" "~1.13.2"

"klaw@^3.0.0":
  "integrity" "sha512-0Fo5oir+O9jnXu5EefYbVK+mHMBeEVEy2cmctR1O1NECcCkPRreJKrS6Qt/j3KC2C148Dfo9i3pCmCMsdqGr0g=="
  "resolved" "https://registry.npmjs.org/klaw/-/klaw-3.0.0.tgz"
  "version" "3.0.0"
  dependencies:
    "graceful-fs" "^4.1.9"

"linkify-it@^3.0.1":
  "integrity" "sha512-ynTsyrFSdE5oZ/O9GEf00kPngmOfVwazR5GKDq6EYfhlpFug3J2zybX56a2PRRpc9P+FuSoGNAwjlbDs9jJBPQ=="
  "resolved" "https://registry.npmjs.org/linkify-it/-/linkify-it-3.0.3.tgz"
  "version" "3.0.3"
  dependencies:
    "uc.micro" "^1.0.1"

"lodash@^4.17.14", "lodash@^4.17.15", "lodash@^4.17.21":
  "integrity" "sha512-v2kDEe57lecTulaDIuNTPy3Ry4gLGJ6Z1O3vE1krgXZNrsQ+LFTGHVxVjcXPs17LhbZVGedAJv8XZ1tvj5FvSg=="
  "resolved" "https://registry.npmjs.org/lodash/-/lodash-4.17.21.tgz"
  "version" "4.17.21"

"markdown-it-anchor@^8.4.1":
  "integrity" "sha512-sLODeRetZ/61KkKLJElaU3NuU2z7MhXf12Ml1WJMSdwpngeofneCRF+JBbat8HiSqhniOMuTemXMrsI7hA6XyA=="
  "resolved" "https://registry.npmjs.org/markdown-it-anchor/-/markdown-it-anchor-8.4.1.tgz"
  "version" "8.4.1"

"markdown-it@*", "markdown-it@^12.3.2":
  "integrity" "sha512-TchMembfxfNVpHkbtriWltGWc+m3xszaRD0CZup7GFFhzIgQqxIfn3eGj1yZpfuflzPvfkt611B2Q/Bsk1YnGg=="
  "resolved" "https://registry.npmjs.org/markdown-it/-/markdown-it-12.3.2.tgz"
  "version" "12.3.2"
  dependencies:
    "argparse" "^2.0.1"
    "entities" "~2.1.0"
    "linkify-it" "^3.0.1"
    "mdurl" "^1.0.1"
    "uc.micro" "^1.0.5"

"marked@^4.0.10":
  "integrity" "sha512-hgibXWrEDNBWgGiK18j/4lkS6ihTe9sxtV4Q1OQppb/0zzyPSzoFANBa5MfsG/zgsWklmNnhm0XACZOH/0HBiQ=="
  "resolved" "https://registry.npmjs.org/marked/-/marked-4.0.12.tgz"
  "version" "4.0.12"

"math-intrinsics@^1.1.0":
  "integrity" "sha512-/IXtbwEk5HTPyEwyKX6hGkYXxM9nbj64B+ilVJnC/R6B0pH5G4V3b0pVbL7DBj4tkhBAppbQUlf6F6Xl9LHu1g=="
  "resolved" "https://registry.npmjs.org/math-intrinsics/-/math-intrinsics-1.1.0.tgz"
  "version" "1.1.0"

"mdurl@^1.0.1":
  "integrity" "sha1-/oWy7HWlkDfyrf7BAP1sYBdhFS4= sha512-/sKlQJCBYVY9Ers9hqzKou4H6V5UWc/M59TH2dvkt+84itfnq7uFOMLpOiOS4ujvHP4etln18fmIxA5R5fll0g=="
  "resolved" "https://registry.npmjs.org/mdurl/-/mdurl-1.0.1.tgz"
  "version" "1.0.1"

"mime-db@1.44.0":
  "integrity" "sha512-/NOTfLrsPBVeH7YtFPgsVWveuL+4SjjYxaQ1xtM1KMFj7HdxlBlxeyNLzhyJVx7r4rZGJAZ/6lkKCitSc/Nmpg=="
  "resolved" "https://registry.npmjs.org/mime-db/-/mime-db-1.44.0.tgz"
  "version" "1.44.0"

"mime-types@^2.1.12":
  "integrity" "sha512-JIhqnCasI9yD+SsmkquHBxTSEuZdQX5BuQnS2Vc7puQQQ+8yiP5AY5uWhpdv4YL4VM5c6iliiYWPgJ/nJQLp7w=="
  "resolved" "https://registry.npmjs.org/mime-types/-/mime-types-2.1.27.tgz"
  "version" "2.1.27"
  dependencies:
    "mime-db" "1.44.0"

"mkdirp@^1.0.4":
  "integrity" "sha512-vVqVZQyf3WLx2Shd0qJ9xuvqgAyKPLAiqITEtqW0oIUjzo3PePDd6fW9iFz30ef7Ysp/oiWqbhszeGWW2T6Gzw=="
  "resolved" "https://registry.npmjs.org/mkdirp/-/mkdirp-1.0.4.tgz"
  "version" "1.0.4"

"node-fetch@^2.7.0":
  "integrity" "sha512-c4FRfUm/dbcWZ7U+1Wq0AwCyFL+3nt2bEw05wfxSz+DWpWsitgmSgYmy2dQdWyKC1694ELPqMs/YzUSNozLt8A=="
  "resolved" "https://registry.npmjs.org/node-fetch/-/node-fetch-2.7.0.tgz"
  "version" "2.7.0"
  dependencies:
    "whatwg-url" "^5.0.0"

"requizzle@^0.2.3":
  "integrity" "sha512-YanoyJjykPxGHii0fZP0uUPEXpvqfBDxWV7s6GKAiiOsiqhX6vHNyW3Qzdmqp/iq/ExbhaGbVrjB4ruEVSM4GQ=="
  "resolved" "https://registry.npmjs.org/requizzle/-/requizzle-0.2.3.tgz"
  "version" "0.2.3"
  dependencies:
    "lodash" "^4.17.14"

"strip-json-comments@^3.1.0":
  "integrity" "sha512-6fPc+R4ihwqP6N/aIv2f1gMH8lOVtWQHoqC4yK6oSDVVocumAsfCqjkXnqiYMhmMwS/mEHLp7Vehlt3ql6lEig=="
  "resolved" "https://registry.npmjs.org/strip-json-comments/-/strip-json-comments-3.1.1.tgz"
  "version" "3.1.1"

"tr46@~0.0.3":
  "integrity" "sha512-N3WMsuqV66lT30CrXNbEjx4GEwlow3v6rr4mCcv6prnfwhS01rkgyFdjPNBYd9br7LpXV1+Emh01fHnq2Gdgrw=="
  "resolved" "https://registry.npmjs.org/tr46/-/tr46-0.0.3.tgz"
  "version" "0.0.3"

"typescript@^4.9.4":
  "integrity" "sha512-Uz+dTXYzxXXbsFpM86Wh3dKCxrQqUcVMxwU54orwlJjOpO3ao8L7j5lH+dWfTwgCwIuM9GQ2kvVotzYJMXTBZg=="
  "resolved" "https://registry.npmjs.org/typescript/-/typescript-4.9.4.tgz"
  "version" "4.9.4"

"uc.micro@^1.0.1", "uc.micro@^1.0.5":
  "integrity" "sha512-8Y75pvTYkLJW2hWQHXxoqRgV7qb9B+9vFEtidML+7koHUFapnVJAZ6cKs+Qjz5Aw3aZWHMC6u0wJE3At+nSGwA=="
  "resolved" "https://registry.npmjs.org/uc.micro/-/uc.micro-1.0.6.tgz"
  "version" "1.0.6"

"underscore@~1.13.2":
  "integrity" "sha512-ekY1NhRzq0B08g4bGuX4wd2jZx5GnKz6mKSqFL4nqBlfyMGiG10gDFhDTMEfYmDL6Jy0FUIZp7wiRB+0BP7J2g=="
  "resolved" "https://registry.npmjs.org/underscore/-/underscore-1.13.2.tgz"
  "version" "1.13.2"

"undici-types@~5.25.1":
  "integrity" "sha512-Ga1jfYwRn7+cP9v8auvEXN1rX3sWqlayd4HP7OKk4mZWylEmu3KzXDUGrQUN6Ol7qo1gPvB2e5gX6udnyEPgdA=="
  "resolved" "https://registry.npmjs.org/undici-types/-/undici-types-5.25.3.tgz"
  "version" "5.25.3"

"undici@^6.0.0":
  "integrity" "sha512-uROZWze0R0itiAKVPsYhFov9LxrPMHLMEQFszeI2gCN6bnIIZ8twzBCJcN2LJrBBLfrP0t1FW0g+JmKVl8Vk1g=="
  "resolved" "https://registry.npmjs.org/undici/-/undici-6.21.2.tgz"
  "version" "6.21.2"

"webidl-conversions@^3.0.0":
  "integrity" "sha512-2JAn3z8AR6rjK8Sm8orRC0h/bcl/DqL7tRPdGZ4I1CjdF+EaMLmYxBHyXuKL849eucPFhvBoxMsflfOb8kxaeQ=="
  "resolved" "https://registry.npmjs.org/webidl-conversions/-/webidl-conversions-3.0.1.tgz"
  "version" "3.0.1"

"whatwg-url@^5.0.0":
  "integrity" "sha512-saE57nupxk6v3HY35+jzBwYa0rKSy0XR8JSxZPwgLr7ys0IBzhGviA1/TUGJLmSVqs8pb9AnvICXEuOHLprYTw=="
  "resolved" "https://registry.npmjs.org/whatwg-url/-/whatwg-url-5.0.0.tgz"
  "version" "5.0.0"
  dependencies:
    "tr46" "~0.0.3"
    "webidl-conversions" "^3.0.0"

"xmlcreate@^2.0.4":
  "integrity" "sha512-nquOebG4sngPmGPICTS5EnxqhKbCmz5Ox5hsszI2T6U5qdrJizBc+0ilYSEjTSzU0yZcmvppztXe/5Al5fUwdg=="
  "resolved" "https://registry.npmjs.org/xmlcreate/-/xmlcreate-2.0.4.tgz"
  "version" "2.0.4"
